
Microsoft Visual Studio Solution File, Format Version 12.00
# Visual Studio Version 17
VisualStudioVersion = 17.0.31919.166
MinimumVisualStudioVersion = 10.0.40219.1
Project("{FAE04EC0-301F-11D3-BF4B-00C04F79EFBC}") = "Alarm", "Alarm\Alarm.csproj", "{81192A5B-E391-4CEB-B9A1-BAA7F32A1357}"
EndProject
Global
	GlobalSection(SolutionConfigurationPlatforms) = preSolution
		Debug|Any CPU = Debug|Any CPU
		Release|Any CPU = Release|Any CPU
	EndGlobalSection
	GlobalSection(ProjectConfigurationPlatforms) = postSolution
		{81192A5B-E391-4CEB-B9A1-BAA7F32A1357}.Debug|Any CPU.ActiveCfg = Debug|Any CPU
		{81192A5B-E391-4CEB-B9A1-BAA7F32A1357}.Debug|Any CPU.Build.0 = Debug|Any CPU
		{81192A5B-E391-4CEB-B9A1-BAA7F32A1357}.Release|Any CPU.ActiveCfg = Release|Any CPU
		{81192A5B-E391-4CEB-B9A1-BAA7F32A1357}.Release|Any CPU.Build.0 = Release|Any CPU
	EndGlobalSection
	GlobalSection(SolutionProperties) = preSolution
		HideSolutionNode = FALSE
	EndGlobalSection
	GlobalSection(ExtensibilityGlobals) = postSolution
		SolutionGuid = {0A220DE3-EE63-4698-8846-2166C972007D}
	EndGlobalSection
EndGlobal
